
Microsoft Visual Studio Solution File, Format Version 12.00
# Visual Studio 15
VisualStudioVersion = 15.0.28307.960
MinimumVisualStudioVersion = 10.0.40219.1
Project("{FAE04EC0-301F-11D3-BF4B-00C04F79EFBC}") = "SAPMockWebService", "SAPMockWebService\SAPMockWebService.csproj", "{AC2D5D9F-A4E8-426D-9D33-92CC0BCF4983}"
EndProject
Project("{FAE04EC0-301F-11D3-BF4B-00C04F79EFBC}") = "SAPMockWebServiceClient", "SAPMockWebServiceClient\SAPMockWebServiceClient.csproj", "{4C75CE3E-CD59-45B1-9750-B9DFD8B0280A}"
	ProjectSection(ProjectDependencies) = postProject
		{AC2D5D9F-A4E8-426D-9D33-92CC0BCF4983} = {AC2D5D9F-A4E8-426D-9D33-92CC0BCF4983}
	EndProjectSection
EndProject
Global
	GlobalSection(SolutionConfigurationPlatforms) = preSolution
		Debug|Any CPU = Debug|Any CPU
		Release|Any CPU = Release|Any CPU
	EndGlobalSection
	GlobalSection(ProjectConfigurationPlatforms) = postSolution
		{AC2D5D9F-A4E8-426D-9D33-92CC0BCF4983}.Debug|Any CPU.ActiveCfg = Debug|Any CPU
		{AC2D5D9F-A4E8-426D-9D33-92CC0BCF4983}.Debug|Any CPU.Build.0 = Debug|Any CPU
		{AC2D5D9F-A4E8-426D-9D33-92CC0BCF4983}.Release|Any CPU.ActiveCfg = Release|Any CPU
		{AC2D5D9F-A4E8-426D-9D33-92CC0BCF4983}.Release|Any CPU.Build.0 = Release|Any CPU
		{4C75CE3E-CD59-45B1-9750-B9DFD8B0280A}.Debug|Any CPU.ActiveCfg = Debug|Any CPU
		{4C75CE3E-CD59-45B1-9750-B9DFD8B0280A}.Debug|Any CPU.Build.0 = Debug|Any CPU
		{4C75CE3E-CD59-45B1-9750-B9DFD8B0280A}.Release|Any CPU.ActiveCfg = Release|Any CPU
		{4C75CE3E-CD59-45B1-9750-B9DFD8B0280A}.Release|Any CPU.Build.0 = Release|Any CPU
	EndGlobalSection
	GlobalSection(SolutionProperties) = preSolution
		HideSolutionNode = FALSE
	EndGlobalSection
	GlobalSection(ExtensibilityGlobals) = postSolution
		SolutionGuid = {2BBAAADE-48CC-4702-970C-D1926C9DA118}
	EndGlobalSection
EndGlobal
